// !$*UTF8*$!
{
	archiveVersion = 1;
	classes = {
	};
	objectVersion = 50;
	objects = {

/* Begin PBXBuildFile section */
		51AB009C246ACD8E00A808BE /* AppDelegate.swift in Sources */ = {isa = PBXBuildFile; fileRef = 51AB009B246ACD8E00A808BE /* AppDelegate.swift */; };
		51AB009E246ACD8E00A808BE /* SceneDelegate.swift in Sources */ = {isa = PBXBuildFile; fileRef = 51AB009D246ACD8E00A808BE /* SceneDelegate.swift */; };
		51AB00A0246ACD8E00A808BE /* ViewController.swift in Sources */ = {isa = PBXBuildFile; fileRef = 51AB009F246ACD8E00A808BE /* ViewController.swift */; };
		51AB00A3246ACD8E00A808BE /* Main.storyboard in Resources */ = {isa = PBXBuildFile; fileRef = 51AB00A1246ACD8E00A808BE /* Main.storyboard */; };
		51AB00A5246ACD9100A808BE /* Assets.xcassets in Resources */ = {isa = PBXBuildFile; fileRef = 51AB00A4246ACD9100A808BE /* Assets.xcassets */; };
		51AB00A8246ACD9100A808BE /* LaunchScreen.storyboard in Resources */ = {isa = PBXBuildFile; fileRef = 51AB00A6246ACD9100A808BE /* LaunchScreen.storyboard */; };
		51AB00E0246ACE3300A808BE /* bg_blue@2x.png in Resources */ = {isa = PBXBuildFile; fileRef = 51AB00D1246ACE3300A808BE /* bg_blue@2x.png */; };
		51AB00E1246ACE3300A808BE /* bg_gold@2x.png in Resources */ = {isa = PBXBuildFile; fileRef = 51AB00D2246ACE3300A808BE /* bg_gold@2x.png */; };
		51AB00E2246ACE3300A808BE /* gacha@2x.png in Resources */ = {isa = PBXBuildFile; fileRef = 51AB00D3246ACE3300A808BE /* gacha@2x.png */; };
		51AB00E3246ACE3300A808BE /* bg_red@2x.png in Resources */ = {isa = PBXBuildFile; fileRef = 51AB00D4246ACE3300A808BE /* bg_red@2x.png */; };
		51AB00E4246ACE3300A808BE /* monster005.png in Resources */ = {isa = PBXBuildFile; fileRef = 51AB00D6246ACE3300A808BE /* monster005.png */; };
		51AB00E5246ACE3300A808BE /* monster010.png in Resources */ = {isa = PBXBuildFile; fileRef = 51AB00D7246ACE3300A808BE /* monster010.png */; };
		51AB00E6246ACE3300A808BE /* monster004.png in Resources */ = {isa = PBXBuildFile; fileRef = 51AB00D8246ACE3300A808BE /* monster004.png */; };
		51AB00E7246ACE3300A808BE /* monster006.png in Resources */ = {isa = PBXBuildFile; fileRef = 51AB00D9246ACE3300A808BE /* monster006.png */; };
		51AB00E8246ACE3300A808BE /* monster007.png in Resources */ = {isa = PBXBuildFile; fileRef = 51AB00DA246ACE3300A808BE /* monster007.png */; };
		51AB00E9246ACE3300A808BE /* monster003.png in Resources */ = {isa = PBXBuildFile; fileRef = 51AB00DB246ACE3300A808BE /* monster003.png */; };
		51AB00EA246ACE3300A808BE /* monster002.png in Resources */ = {isa = PBXBuildFile; fileRef = 51AB00DC246ACE3300A808BE /* monster002.png */; };
		51AB00EB246ACE3300A808BE /* monster001.png in Resources */ = {isa = PBXBuildFile; fileRef = 51AB00DD246ACE3300A808BE /* monster001.png */; };
		51AB00EC246ACE3300A808BE /* monster009.png in Resources */ = {isa = PBXBuildFile; fileRef = 51AB00DE246ACE3300A808BE /* monster009.png */; };
		51AB00ED246ACE3300A808BE /* monster008.png in Resources */ = {isa = PBXBuildFile; fileRef = 51AB00DF246ACE3300A808BE /* monster008.png */; };
		51AB00EF246AD72D00A808BE /* ResultViewController.swift in Sources */ = {isa = PBXBuildFile; fileRef = 51AB00EE246AD72D00A808BE /* ResultViewController.swift */; };
/* End PBXBuildFile section */

/* Begin PBXFileReference section */
		51AB0098246ACD8E00A808BE /* GachaTech.app */ = {isa = PBXFileReference; explicitFileType = wrapper.application; includeInIndex = 0; path = GachaTech.app; sourceTree = BUILT_PRODUCTS_DIR; };
		51AB009B246ACD8E00A808BE /* AppDelegate.swift */ = {isa = PBXFileReference; lastKnownFileType = sourcecode.swift; path = AppDelegate.swift; sourceTree = "<group>"; };
		51AB009D246ACD8E00A808BE /* SceneDelegate.swift */ = {isa = PBXFileReference; lastKnownFileType = sourcecode.swift; path = SceneDelegate.swift; sourceTree = "<group>"; };
		51AB009F246ACD8E00A808BE /* ViewController.swift */ = {isa = PBXFileReference; lastKnownFileType = sourcecode.swift; path = ViewController.swift; sourceTree = "<group>"; };
		51AB00A2246ACD8E00A808BE /* Base */ = {isa = PBXFileReference; lastKnownFileType = file.storyboard; name = Base; path = Base.lproj/Main.storyboard; sourceTree = "<group>"; };
		51AB00A4246ACD9100A808BE /* Assets.xcassets */ = {isa = PBXFileReference; lastKnownFileType = folder.assetcatalog; path = Assets.xcassets; sourceTree = "<group>"; };
		51AB00A7246ACD9100A808BE /* Base */ = {isa = PBXFileReference; lastKnownFileType = file.storyboard; name = Base; path = Base.lproj/LaunchScreen.storyboard; sourceTree = "<group>"; };
		51AB00A9246ACD9100A808BE /* Info.plist */ = {isa = PBXFileReference; lastKnownFileType = text.plist.xml; path = Info.plist; sourceTree = "<group>"; };
		51AB00D1246ACE3300A808BE /* bg_blue@2x.png */ = {isa = PBXFileReference; lastKnownFileType = image.png; path = "bg_blue@2x.png"; sourceTree = "<group>"; };
		51AB00D2246ACE3300A808BE /* bg_gold@2x.png */ = {isa = PBXFileReference; lastKnownFileType = image.png; path = "bg_gold@2x.png"; sourceTree = "<group>"; };
		51AB00D3246ACE3300A808BE /* gacha@2x.png */ = {isa = PBXFileReference; lastKnownFileType = image.png; path = "gacha@2x.png"; sourceTree = "<group>"; };
		51AB00D4246ACE3300A808BE /* bg_red@2x.png */ = {isa = PBXFileReference; lastKnownFileType = image.png; path = "bg_red@2x.png"; sourceTree = "<group>"; };
		51AB00D6246ACE3300A808BE /* monster005.png */ = {isa = PBXFileReference; lastKnownFileType = image.png; path = monster005.png; sourceTree = "<group>"; };
		51AB00D7246ACE3300A808BE /* monster010.png */ = {isa = PBXFileReference; lastKnownFileType = image.png; path = monster010.png; sourceTree = "<group>"; };
		51AB00D8246ACE3300A808BE /* monster004.png */ = {isa = PBXFileReference; lastKnownFileType = image.png; path = monster004.png; sourceTree = "<group>"; };
		51AB00D9246ACE3300A808BE /* monster006.png */ = {isa = PBXFileReference; lastKnownFileType = image.png; path = monster006.png; sourceTree = "<group>"; };
		51AB00DA246ACE3300A808BE /* monster007.png */ = {isa = PBXFileReference; lastKnownFileType = image.png; path = monster007.png; sourceTree = "<group>"; };
		51AB00DB246ACE3300A808BE /* monster003.png */ = {isa = PBXFileReference; lastKnownFileType = image.png; path = monster003.png; sourceTree = "<group>"; };
		51AB00DC246ACE3300A808BE /* monster002.png */ = {isa = PBXFileReference; lastKnownFileType = image.png; path = monster002.png; sourceTree = "<group>"; };
		51AB00DD246ACE3300A808BE /* monster001.png */ = {isa = PBXFileReference; lastKnownFileType = image.png; path = monster001.png; sourceTree = "<group>"; };
		51AB00DE246ACE3300A808BE /* monster009.png */ = {isa = PBXFileReference; lastKnownFileType = image.png; path = monster009.png; sourceTree = "<group>"; };
		51AB00DF246ACE3300A808BE /* monster008.png */ = {isa = PBXFileReference; lastKnownFileType = image.png; path = monster008.png; sourceTree = "<group>"; };
		51AB00EE246AD72D00A808BE /* ResultViewController.swift */ = {isa = PBXFileReference; lastKnownFileType = sourcecode.swift; name = ResultViewController.swift; path = GachaTech/ResultViewController.swift; sourceTree = "<group>"; };
/* End PBXFileReference section */

/* Begin PBXFrameworksBuildPhase section */
		51AB0095246ACD8E00A808BE /* Frameworks */ = {
			isa = PBXFrameworksBuildPhase;
			buildActionMask = 2147483647;
			files = (
			);
			runOnlyForDeploymentPostprocessing = 0;
		};
/* End PBXFrameworksBuildPhase section */

/* Begin PBXGroup section */
		51AB008F246ACD8E00A808BE = {
			isa = PBXGroup;
			children = (
				51AB00EE246AD72D00A808BE /* ResultViewController.swift */,
				51AB009A246ACD8E00A808BE /* GachaTech */,
				51AB0099246ACD8E00A808BE /* Products */,
			);
			sourceTree = "<group>";
		};
		51AB0099246ACD8E00A808BE /* Products */ = {
			isa = PBXGroup;
			children = (
				51AB0098246ACD8E00A808BE /* GachaTech.app */,
			);
			name = Products;
			sourceTree = "<group>";
		};
		51AB009A246ACD8E00A808BE /* GachaTech */ = {
			isa = PBXGroup;
			children = (
				51AB00CF246ACE3200A808BE /* GachaResources */,
				51AB009B246ACD8E00A808BE /* AppDelegate.swift */,
				51AB009D246ACD8E00A808BE /* SceneDelegate.swift */,
				51AB009F246ACD8E00A808BE /* ViewController.swift */,
				51AB00A1246ACD8E00A808BE /* Main.storyboard */,
				51AB00A4246ACD9100A808BE /* Assets.xcassets */,
				51AB00A6246ACD9100A808BE /* LaunchScreen.storyboard */,
				51AB00A9246ACD9100A808BE /* Info.plist */,
			);
			path = GachaTech;
			sourceTree = "<group>";
		};
		51AB00CF246ACE3200A808BE /* GachaResources */ = {
			isa = PBXGroup;
			children = (
				51AB00D0246ACE3200A808BE /* background */,
				51AB00D5246ACE3300A808BE /* monster */,
			);
			name = GachaResources;
			path = "Gacha素材/GachaResources";
			sourceTree = "<group>";
		};
		51AB00D0246ACE3200A808BE /* background */ = {
			isa = PBXGroup;
			children = (
				51AB00D1246ACE3300A808BE /* bg_blue@2x.png */,
				51AB00D2246ACE3300A808BE /* bg_gold@2x.png */,
				51AB00D3246ACE3300A808BE /* gacha@2x.png */,
				51AB00D4246ACE3300A808BE /* bg_red@2x.png */,
			);
			path = background;
			sourceTree = "<group>";
		};
		51AB00D5246ACE3300A808BE /* monster */ = {
			isa = PBXGroup;
			children = (
				51AB00D6246ACE3300A808BE /* monster005.png */,
				51AB00D7246ACE3300A808BE /* monster010.png */,
				51AB00D8246ACE3300A808BE /* monster004.png */,
				51AB00D9246ACE3300A808BE /* monster006.png */,
				51AB00DA246ACE3300A808BE /* monster007.png */,
				51AB00DB246ACE3300A808BE /* monster003.png */,
				51AB00DC246ACE3300A808BE /* monster002.png */,
				51AB00DD246ACE3300A808BE /* monster001.png */,
				51AB00DE246ACE3300A808BE /* monster009.png */,
				51AB00DF246ACE3300A808BE /* monster008.png */,
			);
			path = monster;
			sourceTree = "<group>";
		};
/* End PBXGroup section */

/* Begin PBXNativeTarget section */
		51AB0097246ACD8E00A808BE /* GachaTech */ = {
			isa = PBXNativeTarget;
			buildConfigurationList = 51AB00AC246ACD9100A808BE /* Build configuration list for PBXNativeTarget "GachaTech" */;
			buildPhases = (
				51AB0094246ACD8E00A808BE /* Sources */,
				51AB0095246ACD8E00A808BE /* Frameworks */,
				51AB0096246ACD8E00A808BE /* Resources */,
			);
			buildRules = (
			);
			dependencies = (
			);
			name = GachaTech;
			productName = GachaTech;
			productReference = 51AB0098246ACD8E00A808BE /* GachaTech.app */;
			productType = "com.apple.product-type.application";
		};
/* End PBXNativeTarget section */

/* Begin PBXProject section */
		51AB0090246ACD8E00A808BE /* Project object */ = {
			isa = PBXProject;
			attributes = {
				LastSwiftUpdateCheck = 1140;
				LastUpgradeCheck = 1140;
				ORGANIZATIONNAME = "Ueda Maririn";
				TargetAttributes = {
					51AB0097246ACD8E00A808BE = {
						CreatedOnToolsVersion = 11.4.1;
					};
				};
			};
			buildConfigurationList = 51AB0093246ACD8E00A808BE /* Build configuration list for PBXProject "GachaTech" */;
			compatibilityVersion = "Xcode 9.3";
			developmentRegion = en;
			hasScannedForEncodings = 0;
			knownRegions = (
				en,
				Base,
			);
			mainGroup = 51AB008F246ACD8E00A808BE;
			productRefGroup = 51AB0099246ACD8E00A808BE /* Products */;
			projectDirPath = "";
			projectRoot = "";
			targets = (
				51AB0097246ACD8E00A808BE /* GachaTech */,
			);
		};
/* End PBXProject section */

/* Begin PBXResourcesBuildPhase section */
		51AB0096246ACD8E00A808BE /* Resources */ = {
			isa = PBXResourcesBuildPhase;
			buildActionMask = 2147483647;
			files = (
				51AB00E3246ACE3300A808BE /* bg_red@2x.png in Resources */,
				51AB00A8246ACD9100A808BE /* LaunchScreen.storyboard in Resources */,
				51AB00EC246ACE3300A808BE /* monster009.png in Resources */,
				51AB00E1246ACE3300A808BE /* bg_gold@2x.png in Resources */,
				51AB00E9246ACE3300A808BE /* monster003.png in Resources */,
				51AB00EB246ACE3300A808BE /* monster001.png in Resources */,
				51AB00ED246ACE3300A808BE /* monster008.png in Resources */,
				51AB00A5246ACD9100A808BE /* Assets.xcassets in Resources */,
				51AB00E8246ACE3300A808BE /* monster007.png in Resources */,
				51AB00E2246ACE3300A808BE /* gacha@2x.png in Resources */,
				51AB00EA246ACE3300A808BE /* monster002.png in Resources */,
				51AB00A3246ACD8E00A808BE /* Main.storyboard in Resources */,
				51AB00E5246ACE3300A808BE /* monster010.png in Resources */,
				51AB00E7246ACE3300A808BE /* monster006.png in Resources */,
				51AB00E4246ACE3300A808BE /* monster005.png in Resources */,
				51AB00E0246ACE3300A808BE /* bg_blue@2x.png in Resources */,
				51AB00E6246ACE3300A808BE /* monster004.png in Resources */,
			);
			runOnlyForDeploymentPostprocessing = 0;
		};
/* End PBXResourcesBuildPhase section */

/* Begin PBXSourcesBuildPhase section */
		51AB0094246ACD8E00A808BE /* Sources */ = {
			isa = PBXSourcesBuildPhase;
			buildActionMask = 2147483647;
			files = (
				51AB00A0246ACD8E00A808BE /* ViewController.swift in Sources */,
				51AB009C246ACD8E00A808BE /* AppDelegate.swift in Sources */,
				51AB009E246ACD8E00A808BE /* SceneDelegate.swift in Sources */,
				51AB00EF246AD72D00A808BE /* ResultViewController.swift in Sources */,
			);
			runOnlyForDeploymentPostprocessing = 0;
		};
/* End PBXSourcesBuildPhase section */

/* Begin PBXVariantGroup section */
		51AB00A1246ACD8E00A808BE /* Main.storyboard */ = {
			isa = PBXVariantGroup;
			children = (
				51AB00A2246ACD8E00A808BE /* Base */,
			);
			name = Main.storyboard;
			sourceTree = "<group>";
		};
		51AB00A6246ACD9100A808BE /* LaunchScreen.storyboard */ = {
			isa = PBXVariantGroup;
			children = (
				51AB00A7246ACD9100A808BE /* Base */,
			);
			name = LaunchScreen.storyboard;
			sourceTree = "<group>";
		};
/* End PBXVariantGroup section */

/* Begin XCBuildConfiguration section */
		51AB00AA246ACD9100A808BE /* Debug */ = {
			isa = XCBuildConfiguration;
			buildSettings = {
				ALWAYS_SEARCH_USER_PATHS = NO;
				CLANG_ANALYZER_NONNULL = YES;
				CLANG_ANALYZER_NUMBER_OBJECT_CONVERSION = YES_AGGRESSIVE;
				CLANG_CXX_LANGUAGE_STANDARD = "gnu++14";
				CLANG_CXX_LIBRARY = "libc++";
				CLANG_ENABLE_MODULES = YES;
				CLANG_ENABLE_OBJC_ARC = YES;
				CLANG_ENABLE_OBJC_WEAK = YES;
				CLANG_WARN_BLOCK_CAPTURE_AUTORELEASING = YES;
				CLANG_WARN_BOOL_CONVERSION = YES;
				CLANG_WARN_COMMA = YES;
				CLANG_WARN_CONSTANT_CONVERSION = YES;
				CLANG_WARN_DEPRECATED_OBJC_IMPLEMENTATIONS = YES;
				CLANG_WARN_DIRECT_OBJC_ISA_USAGE = YES_ERROR;
				CLANG_WARN_DOCUMENTATION_COMMENTS = YES;
				CLANG_WARN_EMPTY_BODY = YES;
				CLANG_WARN_ENUM_CONVERSION = YES;
				CLANG_WARN_INFINITE_RECURSION = YES;
				CLANG_WARN_INT_CONVERSION = YES;
				CLANG_WARN_NON_LITERAL_NULL_CONVERSION = YES;
				CLANG_WARN_OBJC_IMPLICIT_RETAIN_SELF = YES;
				CLANG_WARN_OBJC_LITERAL_CONVERSION = YES;
				CLANG_WARN_OBJC_ROOT_CLASS = YES_ERROR;
				CLANG_WARN_RANGE_LOOP_ANALYSIS = YES;
				CLANG_WARN_STRICT_PROTOTYPES = YES;
				CLANG_WARN_SUSPICIOUS_MOVE = YES;
				CLANG_WARN_UNGUARDED_AVAILABILITY = YES_AGGRESSIVE;
				CLANG_WARN_UNREACHABLE_CODE = YES;
				CLANG_WARN__DUPLICATE_METHOD_MATCH = YES;
				COPY_PHASE_STRIP = NO;
				DEBUG_INFORMATION_FORMAT = dwarf;
				ENABLE_STRICT_OBJC_MSGSEND = YES;
				ENABLE_TESTABILITY = YES;
				GCC_C_LANGUAGE_STANDARD = gnu11;
				GCC_DYNAMIC_NO_PIC = NO;
				GCC_NO_COMMON_BLOCKS = YES;
				GCC_OPTIMIZATION_LEVEL = 0;
				GCC_PREPROCESSOR_DEFINITIONS = (
					"DEBUG=1",
					"$(inherited)",
				);
				GCC_WARN_64_TO_32_BIT_CONVERSION = YES;
				GCC_WARN_ABOUT_RETURN_TYPE = YES_ERROR;
				GCC_WARN_UNDECLARED_SELECTOR = YES;
				GCC_WARN_UNINITIALIZED_AUTOS = YES_AGGRESSIVE;
				GCC_WARN_UNUSED_FUNCTION = YES;
				GCC_WARN_UNUSED_VARIABLE = YES;
				IPHONEOS_DEPLOYMENT_TARGET = 13.4;
				MTL_ENABLE_DEBUG_INFO = INCLUDE_SOURCE;
				MTL_FAST_MATH = YES;
				ONLY_ACTIVE_ARCH = YES;
				SDKROOT = iphoneos;
				SWIFT_ACTIVE_COMPILATION_CONDITIONS = DEBUG;
				SWIFT_OPTIMIZATION_LEVEL = "-Onone";
			};
			name = Debug;
		};
		51AB00AB246ACD9100A808BE /* Release */ = {
			isa = XCBuildConfiguration;
			buildSettings = {
				ALWAYS_SEARCH_USER_PATHS = NO;
				CLANG_ANALYZER_NONNULL = YES;
				CLANG_ANALYZER_NUMBER_OBJECT_CONVERSION = YES_AGGRESSIVE;
				CLANG_CXX_LANGUAGE_STANDARD = "gnu++14";
				CLANG_CXX_LIBRARY = "libc++";
				CLANG_ENABLE_MODULES = YES;
				CLANG_ENABLE_OBJC_ARC = YES;
				CLANG_ENABLE_OBJC_WEAK = YES;
				CLANG_WARN_BLOCK_CAPTURE_AUTORELEASING = YES;
				CLANG_WARN_BOOL_CONVERSION = YES;
				CLANG_WARN_COMMA = YES;
				CLANG_WARN_CONSTANT_CONVERSION = YES;
				CLANG_WARN_DEPRECATED_OBJC_IMPLEMENTATIONS = YES;
				CLANG_WARN_DIRECT_OBJC_ISA_USAGE = YES_ERROR;
				CLANG_WARN_DOCUMENTATION_COMMENTS = YES;
				CLANG_WARN_EMPTY_BODY = YES;
				CLANG_WARN_ENUM_CONVERSION = YES;
				CLANG_WARN_INFINITE_RECURSION = YES;
				CLANG_WARN_INT_CONVERSION = YES;
				CLANG_WARN_NON_LITERAL_NULL_CONVERSION = YES;
				CLANG_WARN_OBJC_IMPLICIT_RETAIN_SELF = YES;
				CLANG_WARN_OBJC_LITERAL_CONVERSION = YES;
				CLANG_WARN_OBJC_ROOT_CLASS = YES_ERROR;
				CLANG_WARN_RANGE_LOOP_ANALYSIS = YES;
				CLANG_WARN_STRICT_PROTOTYPES = YES;
				CLANG_WARN_SUSPICIOUS_MOVE = YES;
				CLANG_WARN_UNGUARDED_AVAILABILITY = YES_AGGRESSIVE;
				CLANG_WARN_UNREACHABLE_CODE = YES;
				CLANG_WARN__DUPLICATE_METHOD_MATCH = YES;
				COPY_PHASE_STRIP = NO;
				DEBUG_INFORMATION_FORMAT = "dwarf-with-dsym";
				ENABLE_NS_ASSERTIONS = NO;
				ENABLE_STRICT_OBJC_MSGSEND = YES;
				GCC_C_LANGUAGE_STANDARD = gnu11;
				GCC_NO_COMMON_BLOCKS = YES;
				GCC_WARN_64_TO_32_BIT_CONVERSION = YES;
				GCC_WARN_ABOUT_RETURN_TYPE = YES_ERROR;
				GCC_WARN_UNDECLARED_SELECTOR = YES;
				GCC_WARN_UNINITIALIZED_AUTOS = YES_AGGRESSIVE;
				GCC_WARN_UNUSED_FUNCTION = YES;
				GCC_WARN_UNUSED_VARIABLE = YES;
				IPHONEOS_DEPLOYMENT_TARGET = 13.4;
				MTL_ENABLE_DEBUG_INFO = NO;
				MTL_FAST_MATH = YES;
				SDKROOT = iphoneos;
				SWIFT_COMPILATION_MODE = wholemodule;
				SWIFT_OPTIMIZATION_LEVEL = "-O";
				VALIDATE_PRODUCT = YES;
			};
			name = Release;
		};
		51AB00AD246ACD9100A808BE /* Debug */ = {
			isa = XCBuildConfiguration;
			buildSettings = {
				ASSETCATALOG_COMPILER_APPICON_NAME = AppIcon;
				CODE_SIGN_STYLE = Automatic;
				INFOPLIST_FILE = GachaTech/Info.plist;
				LD_RUNPATH_SEARCH_PATHS = (
					"$(inherited)",
					"@executable_path/Frameworks",
				);
				PRODUCT_BUNDLE_IDENTIFIER = app.maririn.ueda.GachaTech;
				PRODUCT_NAME = "$(TARGET_NAME)";
				SWIFT_VERSION = 5.0;
				TARGETED_DEVICE_FAMILY = "1,2";
			};
			name = Debug;
		};
		51AB00AE246ACD9100A808BE /* Release */ = {
			isa = XCBuildConfiguration;
			buildSettings = {
				ASSETCATALOG_COMPILER_APPICON_NAME = AppIcon;
				CODE_SIGN_STYLE = Automatic;
				INFOPLIST_FILE = GachaTech/Info.plist;
				LD_RUNPATH_SEARCH_PATHS = (
					"$(inherited)",
					"@executable_path/Frameworks",
				);
				PRODUCT_BUNDLE_IDENTIFIER = app.maririn.ueda.GachaTech;
				PRODUCT_NAME = "$(TARGET_NAME)";
				SWIFT_VERSION = 5.0;
				TARGETED_DEVICE_FAMILY = "1,2";
			};
			name = Release;
		};
/* End XCBuildConfiguration section */

/* Begin XCConfigurationList section */
		51AB0093246ACD8E00A808BE /* Build configuration list for PBXProject "GachaTech" */ = {
			isa = XCConfigurationList;
			buildConfigurations = (
				51AB00AA246ACD9100A808BE /* Debug */,
				51AB00AB246ACD9100A808BE /* Release */,
			);
			defaultConfigurationIsVisible = 0;
			defaultConfigurationName = Release;
		};
		51AB00AC246ACD9100A808BE /* Build configuration list for PBXNativeTarget "GachaTech" */ = {
			isa = XCConfigurationList;
			buildConfigurations = (
				51AB00AD246ACD9100A808BE /* Debug */,
				51AB00AE246ACD9100A808BE /* Release */,
			);
			defaultConfigurationIsVisible = 0;
			defaultConfigurationName = Release;
		};
/* End XCConfigurationList section */
	};
	rootObject = 51AB0090246ACD8E00A808BE /* Project object */;
}
